{
  "name": "avg-engine",
  "version": "0.1.12",
  "lockfileVersion": 1,
  "dependencies": {
    "@types/esprima": {
      "version": "2.1.33",
      "resolved": "https://registry.npmjs.org/@types/esprima/-/esprima-2.1.33.tgz",
      "integrity": "sha1-wTIxPw0Zcz5d2yBUtoU96v569j0="
    },
    "@types/estree": {
      "version": "0.0.35",
      "resolved": "https://registry.npmjs.org/@types/estree/-/estree-0.0.35.tgz",
      "integrity": "sha1-iZmXSzQChoao1hpxnmHBONN1UQc="
    },
    "esprima": {
      "version": "http://registry.npm.taobao.org/esprima/download/esprima-4.0.0.tgz",
      "integrity": "sha1-RJnt3NERDgshi6zy+n9/WfVcqAQ="
    },
    "node": {
      "version": "8.2.1",
      "resolved": "https://registry.npmjs.org/node/-/node-8.2.1.tgz",
      "integrity": "sha512-MGtFU6zcsY7eNJW9II2tu4SpUpsJjYfGz2LHZNM0Hak3ZntbukujLrggzlICvABe5M8J0MCA1vbK3pnl3x03FQ=="
    },
    "node-bin-setup": {
      "version": "1.0.6",
      "resolved": "https://registry.npmjs.org/node-bin-setup/-/node-bin-setup-1.0.6.tgz",
      "integrity": "sha512-uPIxXNis1CRbv1DwqAxkgBk5NFV3s7cMN/Gf556jSw6jBvV7ca4F9lRL/8cALcZecRibeqU+5dFYqFFmzv5a0Q=="
    }
  }
}
