{
  "name": "avg-engine",
  "version": "1.0.0",
  "lockfileVersion": 1,
  "dependencies": {
    "@types/esprima": {
      "version": "2.1.33",
      "resolved": "https://registry.npmjs.org/@types/esprima/-/esprima-2.1.33.tgz",
      "integrity": "sha1-wTIxPw0Zcz5d2yBUtoU96v569j0="
    },
    "@types/estree": {
      "version": "0.0.35",
      "resolved": "https://registry.npmjs.org/@types/estree/-/estree-0.0.35.tgz",
      "integrity": "sha1-iZmXSzQChoao1hpxnmHBONN1UQc="
    },
    "esprima": {
      "version": "http://registry.npm.taobao.org/esprima/download/esprima-4.0.0.tgz",
      "integrity": "sha1-RJnt3NERDgshi6zy+n9/WfVcqAQ="
    }
  }
}
